// !$*UTF8*$!
{
	archiveVersion = 1;
	classes = {
	};
	objectVersion = 51;
	objects = {

/* Begin PBXBuildFile section */
		6B3D36931A0D82C72D4024E1 /* Pods_Todo.framework in Frameworks */ = {isa = PBXBuildFile; fileRef = F0ED7FC722C40E18C4A81C90 /* Pods_Todo.framework */; };
		F34283822501EADD005930D0 /* AppDelegate.swift in Sources */ = {isa = PBXBuildFile; fileRef = F34283812501EADD005930D0 /* AppDelegate.swift */; };
		F34283842501EADD005930D0 /* SceneDelegate.swift in Sources */ = {isa = PBXBuildFile; fileRef = F34283832501EADD005930D0 /* SceneDelegate.swift */; };
		F34283862501EADD005930D0 /* ViewController.swift in Sources */ = {isa = PBXBuildFile; fileRef = F34283852501EADD005930D0 /* ViewController.swift */; };
		F34283892501EADD005930D0 /* Main.storyboard in Resources */ = {isa = PBXBuildFile; fileRef = F34283872501EADD005930D0 /* Main.storyboard */; };
		F342838B2501EADE005930D0 /* Assets.xcassets in Resources */ = {isa = PBXBuildFile; fileRef = F342838A2501EADE005930D0 /* Assets.xcassets */; };
		F342838E2501EADE005930D0 /* LaunchScreen.storyboard in Resources */ = {isa = PBXBuildFile; fileRef = F342838C2501EADE005930D0 /* LaunchScreen.storyboard */; };
		F34283982501EB0F005930D0 /* DataManager.swift in Sources */ = {isa = PBXBuildFile; fileRef = F34283972501EB0F005930D0 /* DataManager.swift */; };
		F342839B2501EF14005930D0 /* TodoData.swift in Sources */ = {isa = PBXBuildFile; fileRef = F342839A2501EF14005930D0 /* TodoData.swift */; };
		F37E145A2506EFAE007B2CF5 /* TodoListTableViewCell.swift in Sources */ = {isa = PBXBuildFile; fileRef = F37E14582506EFAE007B2CF5 /* TodoListTableViewCell.swift */; };
		F37E145B2506EFAE007B2CF5 /* TodoListTableViewCell.xib in Resources */ = {isa = PBXBuildFile; fileRef = F37E14592506EFAE007B2CF5 /* TodoListTableViewCell.xib */; };
		F37E145D2506F751007B2CF5 /* K.swift in Sources */ = {isa = PBXBuildFile; fileRef = F37E145C2506F751007B2CF5 /* K.swift */; };
		F37E146225071C3E007B2CF5 /* TodoIItemList.swift in Sources */ = {isa = PBXBuildFile; fileRef = F37E146125071C3E007B2CF5 /* TodoIItemList.swift */; };
/* End PBXBuildFile section */

/* Begin PBXFileReference section */
		5CE66419010E6537334D0831 /* Pods-Todo.release.xcconfig */ = {isa = PBXFileReference; includeInIndex = 1; lastKnownFileType = text.xcconfig; name = "Pods-Todo.release.xcconfig"; path = "Target Support Files/Pods-Todo/Pods-Todo.release.xcconfig"; sourceTree = "<group>"; };
		EE0B5BA5103A55DA38F36EFE /* Pods-Todo.debug.xcconfig */ = {isa = PBXFileReference; includeInIndex = 1; lastKnownFileType = text.xcconfig; name = "Pods-Todo.debug.xcconfig"; path = "Target Support Files/Pods-Todo/Pods-Todo.debug.xcconfig"; sourceTree = "<group>"; };
		F0ED7FC722C40E18C4A81C90 /* Pods_Todo.framework */ = {isa = PBXFileReference; explicitFileType = wrapper.framework; includeInIndex = 0; path = Pods_Todo.framework; sourceTree = BUILT_PRODUCTS_DIR; };
		F342837E2501EADD005930D0 /* Todo.app */ = {isa = PBXFileReference; explicitFileType = wrapper.application; includeInIndex = 0; path = Todo.app; sourceTree = BUILT_PRODUCTS_DIR; };
		F34283812501EADD005930D0 /* AppDelegate.swift */ = {isa = PBXFileReference; lastKnownFileType = sourcecode.swift; path = AppDelegate.swift; sourceTree = "<group>"; };
		F34283832501EADD005930D0 /* SceneDelegate.swift */ = {isa = PBXFileReference; lastKnownFileType = sourcecode.swift; path = SceneDelegate.swift; sourceTree = "<group>"; };
		F34283852501EADD005930D0 /* ViewController.swift */ = {isa = PBXFileReference; lastKnownFileType = sourcecode.swift; path = ViewController.swift; sourceTree = "<group>"; };
		F34283882501EADD005930D0 /* Base */ = {isa = PBXFileReference; lastKnownFileType = file.storyboard; name = Base; path = Base.lproj/Main.storyboard; sourceTree = "<group>"; };
		F342838A2501EADE005930D0 /* Assets.xcassets */ = {isa = PBXFileReference; lastKnownFileType = folder.assetcatalog; path = Assets.xcassets; sourceTree = "<group>"; };
		F342838D2501EADE005930D0 /* Base */ = {isa = PBXFileReference; lastKnownFileType = file.storyboard; name = Base; path = Base.lproj/LaunchScreen.storyboard; sourceTree = "<group>"; };
		F342838F2501EADE005930D0 /* Info.plist */ = {isa = PBXFileReference; lastKnownFileType = text.plist.xml; path = Info.plist; sourceTree = "<group>"; };
		F34283972501EB0F005930D0 /* DataManager.swift */ = {isa = PBXFileReference; lastKnownFileType = sourcecode.swift; path = DataManager.swift; sourceTree = "<group>"; };
		F342839A2501EF14005930D0 /* TodoData.swift */ = {isa = PBXFileReference; lastKnownFileType = sourcecode.swift; path = TodoData.swift; sourceTree = "<group>"; };
		F37E14582506EFAE007B2CF5 /* TodoListTableViewCell.swift */ = {isa = PBXFileReference; lastKnownFileType = sourcecode.swift; path = TodoListTableViewCell.swift; sourceTree = "<group>"; };
		F37E14592506EFAE007B2CF5 /* TodoListTableViewCell.xib */ = {isa = PBXFileReference; lastKnownFileType = file.xib; path = TodoListTableViewCell.xib; sourceTree = "<group>"; };
		F37E145C2506F751007B2CF5 /* K.swift */ = {isa = PBXFileReference; lastKnownFileType = sourcecode.swift; path = K.swift; sourceTree = "<group>"; };
		F37E146125071C3E007B2CF5 /* TodoIItemList.swift */ = {isa = PBXFileReference; lastKnownFileType = sourcecode.swift; path = TodoIItemList.swift; sourceTree = "<group>"; };
/* End PBXFileReference section */

/* Begin PBXFrameworksBuildPhase section */
		F342837B2501EADD005930D0 /* Frameworks */ = {
			isa = PBXFrameworksBuildPhase;
			buildActionMask = 2147483647;
			files = (
				6B3D36931A0D82C72D4024E1 /* Pods_Todo.framework in Frameworks */,
			);
			runOnlyForDeploymentPostprocessing = 0;
		};
/* End PBXFrameworksBuildPhase section */

/* Begin PBXGroup section */
		AC33762BF360CFDE44FB9921 /* Frameworks */ = {
			isa = PBXGroup;
			children = (
				F0ED7FC722C40E18C4A81C90 /* Pods_Todo.framework */,
			);
			name = Frameworks;
			sourceTree = "<group>";
		};
		F34283752501EADD005930D0 = {
			isa = PBXGroup;
			children = (
				F34283802501EADD005930D0 /* Todo */,
				F342837F2501EADD005930D0 /* Products */,
				F57C47C76A8E841C11623071 /* Pods */,
				AC33762BF360CFDE44FB9921 /* Frameworks */,
			);
			sourceTree = "<group>";
		};
		F342837F2501EADD005930D0 /* Products */ = {
			isa = PBXGroup;
			children = (
				F342837E2501EADD005930D0 /* Todo.app */,
			);
			name = Products;
			sourceTree = "<group>";
		};
		F34283802501EADD005930D0 /* Todo */ = {
			isa = PBXGroup;
			children = (
				F34283812501EADD005930D0 /* AppDelegate.swift */,
				F34283832501EADD005930D0 /* SceneDelegate.swift */,
				F34283992501EB16005930D0 /* Model */,
				F34283952501EAEE005930D0 /* Views */,
				F34283962501EAF7005930D0 /* Controllers */,
				F342838A2501EADE005930D0 /* Assets.xcassets */,
				F342838C2501EADE005930D0 /* LaunchScreen.storyboard */,
				F342838F2501EADE005930D0 /* Info.plist */,
				F37E145E2506F757007B2CF5 /* Constant */,
			);
			path = Todo;
			sourceTree = "<group>";
		};
		F34283952501EAEE005930D0 /* Views */ = {
			isa = PBXGroup;
			children = (
				F34283872501EADD005930D0 /* Main.storyboard */,
				F37E14582506EFAE007B2CF5 /* TodoListTableViewCell.swift */,
				F37E14592506EFAE007B2CF5 /* TodoListTableViewCell.xib */,
			);
			path = Views;
			sourceTree = "<group>";
		};
		F34283962501EAF7005930D0 /* Controllers */ = {
			isa = PBXGroup;
			children = (
				F34283852501EADD005930D0 /* ViewController.swift */,
			);
			path = Controllers;
			sourceTree = "<group>";
		};
		F34283992501EB16005930D0 /* Model */ = {
			isa = PBXGroup;
			children = (
				F34283972501EB0F005930D0 /* DataManager.swift */,
				F342839A2501EF14005930D0 /* TodoData.swift */,
				F37E146125071C3E007B2CF5 /* TodoIItemList.swift */,
			);
			path = Model;
			sourceTree = "<group>";
		};
		F37E145E2506F757007B2CF5 /* Constant */ = {
			isa = PBXGroup;
			children = (
				F37E145C2506F751007B2CF5 /* K.swift */,
			);
			path = Constant;
			sourceTree = "<group>";
		};
		F57C47C76A8E841C11623071 /* Pods */ = {
			isa = PBXGroup;
			children = (
				EE0B5BA5103A55DA38F36EFE /* Pods-Todo.debug.xcconfig */,
				5CE66419010E6537334D0831 /* Pods-Todo.release.xcconfig */,
			);
			path = Pods;
			sourceTree = "<group>";
		};
/* End PBXGroup section */

/* Begin PBXNativeTarget section */
		F342837D2501EADD005930D0 /* Todo */ = {
			isa = PBXNativeTarget;
			buildConfigurationList = F34283922501EADE005930D0 /* Build configuration list for PBXNativeTarget "Todo" */;
			buildPhases = (
				57FF12B2B4D3DE7AF1B7BC9C /* [CP] Check Pods Manifest.lock */,
				F342837A2501EADD005930D0 /* Sources */,
				F342837B2501EADD005930D0 /* Frameworks */,
				F342837C2501EADD005930D0 /* Resources */,
				AB299784AA52827E2173043E /* [CP] Embed Pods Frameworks */,
			);
			buildRules = (
			);
			dependencies = (
			);
			name = Todo;
			productName = Todo;
			productReference = F342837E2501EADD005930D0 /* Todo.app */;
			productType = "com.apple.product-type.application";
		};
/* End PBXNativeTarget section */

/* Begin PBXProject section */
		F34283762501EADD005930D0 /* Project object */ = {
			isa = PBXProject;
			attributes = {
				LastSwiftUpdateCheck = 1160;
				LastUpgradeCheck = 1160;
				ORGANIZATIONNAME = "Ferrakkem Bhuiyan";
				TargetAttributes = {
					F342837D2501EADD005930D0 = {
						CreatedOnToolsVersion = 11.6;
					};
				};
			};
			buildConfigurationList = F34283792501EADD005930D0 /* Build configuration list for PBXProject "Todo" */;
			compatibilityVersion = "Xcode 9.3";
			developmentRegion = en;
			hasScannedForEncodings = 0;
			knownRegions = (
				en,
				Base,
			);
			mainGroup = F34283752501EADD005930D0;
			productRefGroup = F342837F2501EADD005930D0 /* Products */;
			projectDirPath = "";
			projectRoot = "";
			targets = (
				F342837D2501EADD005930D0 /* Todo */,
			);
		};
/* End PBXProject section */

/* Begin PBXResourcesBuildPhase section */
		F342837C2501EADD005930D0 /* Resources */ = {
			isa = PBXResourcesBuildPhase;
			buildActionMask = 2147483647;
			files = (
				F342838E2501EADE005930D0 /* LaunchScreen.storyboard in Resources */,
				F342838B2501EADE005930D0 /* Assets.xcassets in Resources */,
				F34283892501EADD005930D0 /* Main.storyboard in Resources */,
				F37E145B2506EFAE007B2CF5 /* TodoListTableViewCell.xib in Resources */,
			);
			runOnlyForDeploymentPostprocessing = 0;
		};
/* End PBXResourcesBuildPhase section */

/* Begin PBXShellScriptBuildPhase section */
		57FF12B2B4D3DE7AF1B7BC9C /* [CP] Check Pods Manifest.lock */ = {
			isa = PBXShellScriptBuildPhase;
			buildActionMask = 2147483647;
			files = (
			);
			inputFileListPaths = (
			);
			inputPaths = (
				"${PODS_PODFILE_DIR_PATH}/Podfile.lock",
				"${PODS_ROOT}/Manifest.lock",
			);
			name = "[CP] Check Pods Manifest.lock";
			outputFileListPaths = (
			);
			outputPaths = (
				"$(DERIVED_FILE_DIR)/Pods-Todo-checkManifestLockResult.txt",
			);
			runOnlyForDeploymentPostprocessing = 0;
			shellPath = /bin/sh;
			shellScript = "diff \"${PODS_PODFILE_DIR_PATH}/Podfile.lock\" \"${PODS_ROOT}/Manifest.lock\" > /dev/null\nif [ $? != 0 ] ; then\n    # print error to STDERR\n    echo \"error: The sandbox is not in sync with the Podfile.lock. Run 'pod install' or update your CocoaPods installation.\" >&2\n    exit 1\nfi\n# This output is used by Xcode 'outputs' to avoid re-running this script phase.\necho \"SUCCESS\" > \"${SCRIPT_OUTPUT_FILE_0}\"\n";
			showEnvVarsInLog = 0;
		};
		AB299784AA52827E2173043E /* [CP] Embed Pods Frameworks */ = {
			isa = PBXShellScriptBuildPhase;
			buildActionMask = 2147483647;
			files = (
			);
			inputFileListPaths = (
				"${PODS_ROOT}/Target Support Files/Pods-Todo/Pods-Todo-frameworks-${CONFIGURATION}-input-files.xcfilelist",
			);
			name = "[CP] Embed Pods Frameworks";
			outputFileListPaths = (
				"${PODS_ROOT}/Target Support Files/Pods-Todo/Pods-Todo-frameworks-${CONFIGURATION}-output-files.xcfilelist",
			);
			runOnlyForDeploymentPostprocessing = 0;
			shellPath = /bin/sh;
			shellScript = "\"${PODS_ROOT}/Target Support Files/Pods-Todo/Pods-Todo-frameworks.sh\"\n";
			showEnvVarsInLog = 0;
		};
/* End PBXShellScriptBuildPhase section */

/* Begin PBXSourcesBuildPhase section */
		F342837A2501EADD005930D0 /* Sources */ = {
			isa = PBXSourcesBuildPhase;
			buildActionMask = 2147483647;
			files = (
				F37E146225071C3E007B2CF5 /* TodoIItemList.swift in Sources */,
				F34283862501EADD005930D0 /* ViewController.swift in Sources */,
				F37E145D2506F751007B2CF5 /* K.swift in Sources */,
				F34283982501EB0F005930D0 /* DataManager.swift in Sources */,
				F34283822501EADD005930D0 /* AppDelegate.swift in Sources */,
				F342839B2501EF14005930D0 /* TodoData.swift in Sources */,
				F34283842501EADD005930D0 /* SceneDelegate.swift in Sources */,
				F37E145A2506EFAE007B2CF5 /* TodoListTableViewCell.swift in Sources */,
			);
			runOnlyForDeploymentPostprocessing = 0;
		};
/* End PBXSourcesBuildPhase section */

/* Begin PBXVariantGroup section */
		F34283872501EADD005930D0 /* Main.storyboard */ = {
			isa = PBXVariantGroup;
			children = (
				F34283882501EADD005930D0 /* Base */,
			);
			name = Main.storyboard;
			sourceTree = "<group>";
		};
		F342838C2501EADE005930D0 /* LaunchScreen.storyboard */ = {
			isa = PBXVariantGroup;
			children = (
				F342838D2501EADE005930D0 /* Base */,
			);
			name = LaunchScreen.storyboard;
			sourceTree = "<group>";
		};
/* End PBXVariantGroup section */

/* Begin XCBuildConfiguration section */
		F34283902501EADE005930D0 /* Debug */ = {
			isa = XCBuildConfiguration;
			buildSettings = {
				ALWAYS_SEARCH_USER_PATHS = NO;
				CLANG_ANALYZER_NONNULL = YES;
				CLANG_ANALYZER_NUMBER_OBJECT_CONVERSION = YES_AGGRESSIVE;
				CLANG_CXX_LANGUAGE_STANDARD = "gnu++14";
				CLANG_CXX_LIBRARY = "libc++";
				CLANG_ENABLE_MODULES = YES;
				CLANG_ENABLE_OBJC_ARC = YES;
				CLANG_ENABLE_OBJC_WEAK = YES;
				CLANG_WARN_BLOCK_CAPTURE_AUTORELEASING = YES;
				CLANG_WARN_BOOL_CONVERSION = YES;
				CLANG_WARN_COMMA = YES;
				CLANG_WARN_CONSTANT_CONVERSION = YES;
				CLANG_WARN_DEPRECATED_OBJC_IMPLEMENTATIONS = YES;
				CLANG_WARN_DIRECT_OBJC_ISA_USAGE = YES_ERROR;
				CLANG_WARN_DOCUMENTATION_COMMENTS = YES;
				CLANG_WARN_EMPTY_BODY = YES;
				CLANG_WARN_ENUM_CONVERSION = YES;
				CLANG_WARN_INFINITE_RECURSION = YES;
				CLANG_WARN_INT_CONVERSION = YES;
				CLANG_WARN_NON_LITERAL_NULL_CONVERSION = YES;
				CLANG_WARN_OBJC_IMPLICIT_RETAIN_SELF = YES;
				CLANG_WARN_OBJC_LITERAL_CONVERSION = YES;
				CLANG_WARN_OBJC_ROOT_CLASS = YES_ERROR;
				CLANG_WARN_RANGE_LOOP_ANALYSIS = YES;
				CLANG_WARN_STRICT_PROTOTYPES = YES;
				CLANG_WARN_SUSPICIOUS_MOVE = YES;
				CLANG_WARN_UNGUARDED_AVAILABILITY = YES_AGGRESSIVE;
				CLANG_WARN_UNREACHABLE_CODE = YES;
				CLANG_WARN__DUPLICATE_METHOD_MATCH = YES;
				COPY_PHASE_STRIP = NO;
				DEBUG_INFORMATION_FORMAT = dwarf;
				ENABLE_STRICT_OBJC_MSGSEND = YES;
				ENABLE_TESTABILITY = YES;
				GCC_C_LANGUAGE_STANDARD = gnu11;
				GCC_DYNAMIC_NO_PIC = NO;
				GCC_NO_COMMON_BLOCKS = YES;
				GCC_OPTIMIZATION_LEVEL = 0;
				GCC_PREPROCESSOR_DEFINITIONS = (
					"DEBUG=1",
					"$(inherited)",
				);
				GCC_WARN_64_TO_32_BIT_CONVERSION = YES;
				GCC_WARN_ABOUT_RETURN_TYPE = YES_ERROR;
				GCC_WARN_UNDECLARED_SELECTOR = YES;
				GCC_WARN_UNINITIALIZED_AUTOS = YES_AGGRESSIVE;
				GCC_WARN_UNUSED_FUNCTION = YES;
				GCC_WARN_UNUSED_VARIABLE = YES;
				IPHONEOS_DEPLOYMENT_TARGET = 13.6;
				MTL_ENABLE_DEBUG_INFO = INCLUDE_SOURCE;
				MTL_FAST_MATH = YES;
				ONLY_ACTIVE_ARCH = YES;
				SDKROOT = iphoneos;
				SWIFT_ACTIVE_COMPILATION_CONDITIONS = DEBUG;
				SWIFT_OPTIMIZATION_LEVEL = "-Onone";
			};
			name = Debug;
		};
		F34283912501EADE005930D0 /* Release */ = {
			isa = XCBuildConfiguration;
			buildSettings = {
				ALWAYS_SEARCH_USER_PATHS = NO;
				CLANG_ANALYZER_NONNULL = YES;
				CLANG_ANALYZER_NUMBER_OBJECT_CONVERSION = YES_AGGRESSIVE;
				CLANG_CXX_LANGUAGE_STANDARD = "gnu++14";
				CLANG_CXX_LIBRARY = "libc++";
				CLANG_ENABLE_MODULES = YES;
				CLANG_ENABLE_OBJC_ARC = YES;
				CLANG_ENABLE_OBJC_WEAK = YES;
				CLANG_WARN_BLOCK_CAPTURE_AUTORELEASING = YES;
				CLANG_WARN_BOOL_CONVERSION = YES;
				CLANG_WARN_COMMA = YES;
				CLANG_WARN_CONSTANT_CONVERSION = YES;
				CLANG_WARN_DEPRECATED_OBJC_IMPLEMENTATIONS = YES;
				CLANG_WARN_DIRECT_OBJC_ISA_USAGE = YES_ERROR;
				CLANG_WARN_DOCUMENTATION_COMMENTS = YES;
				CLANG_WARN_EMPTY_BODY = YES;
				CLANG_WARN_ENUM_CONVERSION = YES;
				CLANG_WARN_INFINITE_RECURSION = YES;
				CLANG_WARN_INT_CONVERSION = YES;
				CLANG_WARN_NON_LITERAL_NULL_CONVERSION = YES;
				CLANG_WARN_OBJC_IMPLICIT_RETAIN_SELF = YES;
				CLANG_WARN_OBJC_LITERAL_CONVERSION = YES;
				CLANG_WARN_OBJC_ROOT_CLASS = YES_ERROR;
				CLANG_WARN_RANGE_LOOP_ANALYSIS = YES;
				CLANG_WARN_STRICT_PROTOTYPES = YES;
				CLANG_WARN_SUSPICIOUS_MOVE = YES;
				CLANG_WARN_UNGUARDED_AVAILABILITY = YES_AGGRESSIVE;
				CLANG_WARN_UNREACHABLE_CODE = YES;
				CLANG_WARN__DUPLICATE_METHOD_MATCH = YES;
				COPY_PHASE_STRIP = NO;
				DEBUG_INFORMATION_FORMAT = "dwarf-with-dsym";
				ENABLE_NS_ASSERTIONS = NO;
				ENABLE_STRICT_OBJC_MSGSEND = YES;
				GCC_C_LANGUAGE_STANDARD = gnu11;
				GCC_NO_COMMON_BLOCKS = YES;
				GCC_WARN_64_TO_32_BIT_CONVERSION = YES;
				GCC_WARN_ABOUT_RETURN_TYPE = YES_ERROR;
				GCC_WARN_UNDECLARED_SELECTOR = YES;
				GCC_WARN_UNINITIALIZED_AUTOS = YES_AGGRESSIVE;
				GCC_WARN_UNUSED_FUNCTION = YES;
				GCC_WARN_UNUSED_VARIABLE = YES;
				IPHONEOS_DEPLOYMENT_TARGET = 13.6;
				MTL_ENABLE_DEBUG_INFO = NO;
				MTL_FAST_MATH = YES;
				SDKROOT = iphoneos;
				SWIFT_COMPILATION_MODE = wholemodule;
				SWIFT_OPTIMIZATION_LEVEL = "-O";
				VALIDATE_PRODUCT = YES;
			};
			name = Release;
		};
		F34283932501EADE005930D0 /* Debug */ = {
			isa = XCBuildConfiguration;
			baseConfigurationReference = EE0B5BA5103A55DA38F36EFE /* Pods-Todo.debug.xcconfig */;
			buildSettings = {
				ASSETCATALOG_COMPILER_APPICON_NAME = AppIcon;
				CODE_SIGN_STYLE = Automatic;
				DEVELOPMENT_TEAM = R2PXFCCU7C;
				INFOPLIST_FILE = Todo/Info.plist;
				LD_RUNPATH_SEARCH_PATHS = (
					"$(inherited)",
					"@executable_path/Frameworks",
				);
				PRODUCT_BUNDLE_IDENTIFIER = com.ferrakkem.carfax.Todo;
				PRODUCT_NAME = "$(TARGET_NAME)";
				SWIFT_VERSION = 5.0;
				TARGETED_DEVICE_FAMILY = "1,2";
			};
			name = Debug;
		};
		F34283942501EADE005930D0 /* Release */ = {
			isa = XCBuildConfiguration;
			baseConfigurationReference = 5CE66419010E6537334D0831 /* Pods-Todo.release.xcconfig */;
			buildSettings = {
				ASSETCATALOG_COMPILER_APPICON_NAME = AppIcon;
				CODE_SIGN_STYLE = Automatic;
				DEVELOPMENT_TEAM = R2PXFCCU7C;
				INFOPLIST_FILE = Todo/Info.plist;
				LD_RUNPATH_SEARCH_PATHS = (
					"$(inherited)",
					"@executable_path/Frameworks",
				);
				PRODUCT_BUNDLE_IDENTIFIER = com.ferrakkem.carfax.Todo;
				PRODUCT_NAME = "$(TARGET_NAME)";
				SWIFT_VERSION = 5.0;
				TARGETED_DEVICE_FAMILY = "1,2";
			};
			name = Release;
		};
/* End XCBuildConfiguration section */

/* Begin XCConfigurationList section */
		F34283792501EADD005930D0 /* Build configuration list for PBXProject "Todo" */ = {
			isa = XCConfigurationList;
			buildConfigurations = (
				F34283902501EADE005930D0 /* Debug */,
				F34283912501EADE005930D0 /* Release */,
			);
			defaultConfigurationIsVisible = 0;
			defaultConfigurationName = Release;
		};
		F34283922501EADE005930D0 /* Build configuration list for PBXNativeTarget "Todo" */ = {
			isa = XCConfigurationList;
			buildConfigurations = (
				F34283932501EADE005930D0 /* Debug */,
				F34283942501EADE005930D0 /* Release */,
			);
			defaultConfigurationIsVisible = 0;
			defaultConfigurationName = Release;
		};
/* End XCConfigurationList section */
	};
	rootObject = F34283762501EADD005930D0 /* Project object */;
}
